
Microsoft Visual Studio Solution File, Format Version 12.00
# Visual Studio Version 17
VisualStudioVersion = 17.0.31903.59
MinimumVisualStudioVersion = 10.0.40219.1
Project("{9A19103F-16F7-4668-BE54-9A1E7A4F7556}") = "Array", "DataStructures\Array\Array.csproj", "{2488FDF7-3898-4719-B9A1-F5178E7F4961}"
EndProject
Project("{9A19103F-16F7-4668-BE54-9A1E7A4F7556}") = "ArrayConsoleApp", "Apps\ArrayConsoleApp\ArrayConsoleApp.csproj", "{072856A4-61BD-45C0-85F2-E327A1D0BDCB}"
EndProject
Project("{9A19103F-16F7-4668-BE54-9A1E7A4F7556}") = "ArrayTests", "Tests\ArrayTests\ArrayTests.csproj", "{BB5C2939-C449-48E8-B7AD-BAD77F5B57C9}"
EndProject
Project("{9A19103F-16F7-4668-BE54-9A1E7A4F7556}") = "CollectionConsoleApp", "Apps\CollectionConsoleApp\CollectionConsoleApp.csproj", "{B1B39218-9FA3-4090-872A-0B128B952A5A}"
EndProject
Project("{9A19103F-16F7-4668-BE54-9A1E7A4F7556}") = "Collectiontests", "Tests\Collectiontests\Collectiontests.csproj", "{55E4A781-2593-4065-8FB2-81283F345443}"
EndProject
Project("{9A19103F-16F7-4668-BE54-9A1E7A4F7556}") = "SinglyLinkedListTests", "Tests\SinglyLinkedListTests\SinglyLinkedListTests.csproj", "{DECE5DFC-96B9-4B45-BC05-202A8D0EBF6A}"
EndProject
Project("{9A19103F-16F7-4668-BE54-9A1E7A4F7556}") = "LinkedListConsoleApp", "Apps\LinkedListConsoleApp\LinkedListConsoleApp.csproj", "{8A865C10-7849-4386-BB55-AD2E17AA68C2}"
EndProject
Project("{9A19103F-16F7-4668-BE54-9A1E7A4F7556}") = "List", "DataStructures\List\List.csproj", "{75FCEB77-1D87-4E13-AA51-773C93B56E1B}"
EndProject
Project("{9A19103F-16F7-4668-BE54-9A1E7A4F7556}") = "ListTests", "Tests\ListTests\ListTests.csproj", "{A45624AA-D156-4D29-93D1-87FEF8C43783}"
EndProject
Project("{9A19103F-16F7-4668-BE54-9A1E7A4F7556}") = "LinkedList", "DataStructures\LinkedList\LinkedList.csproj", "{03C9301B-3544-43FF-9DA5-F7246E845EF7}"
EndProject
Project("{2150E333-8FDC-42A3-9474-1A3956D46DE8}") = "Apps", "Apps", "{A514DD71-164C-4647-A2F4-462151EB9D5B}"
EndProject
Project("{2150E333-8FDC-42A3-9474-1A3956D46DE8}") = "DataStructures", "DataStructures", "{473E64C3-399E-4071-AD2B-EF82BDBC896D}"
EndProject
Project("{2150E333-8FDC-42A3-9474-1A3956D46DE8}") = "Tests", "Tests", "{767B15BE-C942-4569-AD22-84A94B3A8095}"
EndProject
Project("{9A19103F-16F7-4668-BE54-9A1E7A4F7556}") = "DoublyLinkedListTests", "Tests\DoublyLinkedListTests\DoublyLinkedListTests.csproj", "{4EF8299D-74CB-46ED-98B2-2A1DBEC61F88}"
EndProject
Project("{9A19103F-16F7-4668-BE54-9A1E7A4F7556}") = "Stack", "DataStructures\Stack\Stack.csproj", "{2DE33F11-032E-41B2-8145-5CB1591AAD5D}"
EndProject
Project("{9A19103F-16F7-4668-BE54-9A1E7A4F7556}") = "StackTests", "Tests\StackTests\StackTests.csproj", "{63184D53-3BD2-440D-A921-17A95768A2DF}"
EndProject
Project("{9A19103F-16F7-4668-BE54-9A1E7A4F7556}") = "Queue", "DataStructures\Queue\Queue.csproj", "{BD24ED57-CA3C-46F6-A312-D9DC6F7791DC}"
EndProject
Project("{9A19103F-16F7-4668-BE54-9A1E7A4F7556}") = "QueueTests", "Tests\QueueTests\QueueTests.csproj", "{11E3C5B3-233E-4515-9867-E51102B2429E}"
EndProject
Project("{9A19103F-16F7-4668-BE54-9A1E7A4F7556}") = "BigOWebApp", "Apps\BigOWebApp\BigOWebApp.csproj", "{D719033C-F235-43B5-A676-32FD8349B01D}"
EndProject
Project("{9A19103F-16F7-4668-BE54-9A1E7A4F7556}") = "RecursiveApp", "Apps\RecursiveApp\RecursiveApp.csproj", "{3CEC45D3-0DBD-45BD-89CD-08BCCF038118}"
EndProject
Project("{2150E333-8FDC-42A3-9474-1A3956D46DE8}") = "SortingAlgorithms", "SortingAlgorithms", "{7C97E412-792D-4D6F-A892-DD85BD2AFD2C}"
EndProject
Project("{9A19103F-16F7-4668-BE54-9A1E7A4F7556}") = "SortingAlgorithm", "SortingAlgorithms\SortingAlgorithm\SortingAlgorithm.csproj", "{BDB0FE70-4B69-474F-A64D-F2027FFD9A6A}"
EndProject
Project("{9A19103F-16F7-4668-BE54-9A1E7A4F7556}") = "SortingAlgorithmTests", "Tests\SortingAlgorithmTests\SortingAlgorithmTests.csproj", "{0F2E4988-258F-4E49-A2B4-4F1EF7606778}"
EndProject
Project("{2150E333-8FDC-42A3-9474-1A3956D46DE8}") = "Shared", "Shared", "{A188E0EA-F9B3-4AD4-A54F-DABBD94057C4}"
EndProject
Project("{9A19103F-16F7-4668-BE54-9A1E7A4F7556}") = "Utilities", "Shared\Utilities\Utilities.csproj", "{3BCF53BC-803B-41A4-B63C-941FB22442E4}"
EndProject
Project("{2150E333-8FDC-42A3-9474-1A3956D46DE8}") = "SortingAlgorithmsApp", "SortingAlgorithmsApp", "{14121467-7A4C-4704-BBE6-73B91D3D4340}"
EndProject
Project("{FAE04EC0-301F-11D3-BF4B-00C04F79EFBC}") = "SortingAlgorithmsApp", "SortingAlgorithmsApp\SortingAlgorithmsApp.csproj", "{C13AEA3D-A5A0-47A4-96AE-4DAAA8E690CD}"
EndProject
Global
	GlobalSection(SolutionConfigurationPlatforms) = preSolution
		Debug|Any CPU = Debug|Any CPU
		Release|Any CPU = Release|Any CPU
	EndGlobalSection
	GlobalSection(ProjectConfigurationPlatforms) = postSolution
		{2488FDF7-3898-4719-B9A1-F5178E7F4961}.Debug|Any CPU.ActiveCfg = Debug|Any CPU
		{2488FDF7-3898-4719-B9A1-F5178E7F4961}.Debug|Any CPU.Build.0 = Debug|Any CPU
		{2488FDF7-3898-4719-B9A1-F5178E7F4961}.Release|Any CPU.ActiveCfg = Release|Any CPU
		{2488FDF7-3898-4719-B9A1-F5178E7F4961}.Release|Any CPU.Build.0 = Release|Any CPU
		{072856A4-61BD-45C0-85F2-E327A1D0BDCB}.Debug|Any CPU.ActiveCfg = Debug|Any CPU
		{072856A4-61BD-45C0-85F2-E327A1D0BDCB}.Debug|Any CPU.Build.0 = Debug|Any CPU
		{072856A4-61BD-45C0-85F2-E327A1D0BDCB}.Release|Any CPU.ActiveCfg = Release|Any CPU
		{072856A4-61BD-45C0-85F2-E327A1D0BDCB}.Release|Any CPU.Build.0 = Release|Any CPU
		{BB5C2939-C449-48E8-B7AD-BAD77F5B57C9}.Debug|Any CPU.ActiveCfg = Debug|Any CPU
		{BB5C2939-C449-48E8-B7AD-BAD77F5B57C9}.Debug|Any CPU.Build.0 = Debug|Any CPU
		{BB5C2939-C449-48E8-B7AD-BAD77F5B57C9}.Release|Any CPU.ActiveCfg = Release|Any CPU
		{BB5C2939-C449-48E8-B7AD-BAD77F5B57C9}.Release|Any CPU.Build.0 = Release|Any CPU
		{B1B39218-9FA3-4090-872A-0B128B952A5A}.Debug|Any CPU.ActiveCfg = Debug|Any CPU
		{B1B39218-9FA3-4090-872A-0B128B952A5A}.Debug|Any CPU.Build.0 = Debug|Any CPU
		{B1B39218-9FA3-4090-872A-0B128B952A5A}.Release|Any CPU.ActiveCfg = Release|Any CPU
		{B1B39218-9FA3-4090-872A-0B128B952A5A}.Release|Any CPU.Build.0 = Release|Any CPU
		{55E4A781-2593-4065-8FB2-81283F345443}.Debug|Any CPU.ActiveCfg = Debug|Any CPU
		{55E4A781-2593-4065-8FB2-81283F345443}.Debug|Any CPU.Build.0 = Debug|Any CPU
		{55E4A781-2593-4065-8FB2-81283F345443}.Release|Any CPU.ActiveCfg = Release|Any CPU
		{55E4A781-2593-4065-8FB2-81283F345443}.Release|Any CPU.Build.0 = Release|Any CPU
		{DECE5DFC-96B9-4B45-BC05-202A8D0EBF6A}.Debug|Any CPU.ActiveCfg = Debug|Any CPU
		{DECE5DFC-96B9-4B45-BC05-202A8D0EBF6A}.Debug|Any CPU.Build.0 = Debug|Any CPU
		{DECE5DFC-96B9-4B45-BC05-202A8D0EBF6A}.Release|Any CPU.ActiveCfg = Release|Any CPU
		{DECE5DFC-96B9-4B45-BC05-202A8D0EBF6A}.Release|Any CPU.Build.0 = Release|Any CPU
		{8A865C10-7849-4386-BB55-AD2E17AA68C2}.Debug|Any CPU.ActiveCfg = Debug|Any CPU
		{8A865C10-7849-4386-BB55-AD2E17AA68C2}.Debug|Any CPU.Build.0 = Debug|Any CPU
		{8A865C10-7849-4386-BB55-AD2E17AA68C2}.Release|Any CPU.ActiveCfg = Release|Any CPU
		{8A865C10-7849-4386-BB55-AD2E17AA68C2}.Release|Any CPU.Build.0 = Release|Any CPU
		{75FCEB77-1D87-4E13-AA51-773C93B56E1B}.Debug|Any CPU.ActiveCfg = Debug|Any CPU
		{75FCEB77-1D87-4E13-AA51-773C93B56E1B}.Debug|Any CPU.Build.0 = Debug|Any CPU
		{75FCEB77-1D87-4E13-AA51-773C93B56E1B}.Release|Any CPU.ActiveCfg = Release|Any CPU
		{75FCEB77-1D87-4E13-AA51-773C93B56E1B}.Release|Any CPU.Build.0 = Release|Any CPU
		{A45624AA-D156-4D29-93D1-87FEF8C43783}.Debug|Any CPU.ActiveCfg = Debug|Any CPU
		{A45624AA-D156-4D29-93D1-87FEF8C43783}.Debug|Any CPU.Build.0 = Debug|Any CPU
		{A45624AA-D156-4D29-93D1-87FEF8C43783}.Release|Any CPU.ActiveCfg = Release|Any CPU
		{A45624AA-D156-4D29-93D1-87FEF8C43783}.Release|Any CPU.Build.0 = Release|Any CPU
		{03C9301B-3544-43FF-9DA5-F7246E845EF7}.Debug|Any CPU.ActiveCfg = Debug|Any CPU
		{03C9301B-3544-43FF-9DA5-F7246E845EF7}.Debug|Any CPU.Build.0 = Debug|Any CPU
		{03C9301B-3544-43FF-9DA5-F7246E845EF7}.Release|Any CPU.ActiveCfg = Release|Any CPU
		{03C9301B-3544-43FF-9DA5-F7246E845EF7}.Release|Any CPU.Build.0 = Release|Any CPU
		{4EF8299D-74CB-46ED-98B2-2A1DBEC61F88}.Debug|Any CPU.ActiveCfg = Debug|Any CPU
		{4EF8299D-74CB-46ED-98B2-2A1DBEC61F88}.Debug|Any CPU.Build.0 = Debug|Any CPU
		{4EF8299D-74CB-46ED-98B2-2A1DBEC61F88}.Release|Any CPU.ActiveCfg = Release|Any CPU
		{4EF8299D-74CB-46ED-98B2-2A1DBEC61F88}.Release|Any CPU.Build.0 = Release|Any CPU
		{2DE33F11-032E-41B2-8145-5CB1591AAD5D}.Debug|Any CPU.ActiveCfg = Debug|Any CPU
		{2DE33F11-032E-41B2-8145-5CB1591AAD5D}.Debug|Any CPU.Build.0 = Debug|Any CPU
		{2DE33F11-032E-41B2-8145-5CB1591AAD5D}.Release|Any CPU.ActiveCfg = Release|Any CPU
		{2DE33F11-032E-41B2-8145-5CB1591AAD5D}.Release|Any CPU.Build.0 = Release|Any CPU
		{63184D53-3BD2-440D-A921-17A95768A2DF}.Debug|Any CPU.ActiveCfg = Debug|Any CPU
		{63184D53-3BD2-440D-A921-17A95768A2DF}.Debug|Any CPU.Build.0 = Debug|Any CPU
		{63184D53-3BD2-440D-A921-17A95768A2DF}.Release|Any CPU.ActiveCfg = Release|Any CPU
		{63184D53-3BD2-440D-A921-17A95768A2DF}.Release|Any CPU.Build.0 = Release|Any CPU
		{BD24ED57-CA3C-46F6-A312-D9DC6F7791DC}.Debug|Any CPU.ActiveCfg = Debug|Any CPU
		{BD24ED57-CA3C-46F6-A312-D9DC6F7791DC}.Debug|Any CPU.Build.0 = Debug|Any CPU
		{BD24ED57-CA3C-46F6-A312-D9DC6F7791DC}.Release|Any CPU.ActiveCfg = Release|Any CPU
		{BD24ED57-CA3C-46F6-A312-D9DC6F7791DC}.Release|Any CPU.Build.0 = Release|Any CPU
		{11E3C5B3-233E-4515-9867-E51102B2429E}.Debug|Any CPU.ActiveCfg = Debug|Any CPU
		{11E3C5B3-233E-4515-9867-E51102B2429E}.Debug|Any CPU.Build.0 = Debug|Any CPU
		{11E3C5B3-233E-4515-9867-E51102B2429E}.Release|Any CPU.ActiveCfg = Release|Any CPU
		{11E3C5B3-233E-4515-9867-E51102B2429E}.Release|Any CPU.Build.0 = Release|Any CPU
		{D719033C-F235-43B5-A676-32FD8349B01D}.Debug|Any CPU.ActiveCfg = Debug|Any CPU
		{D719033C-F235-43B5-A676-32FD8349B01D}.Debug|Any CPU.Build.0 = Debug|Any CPU
		{D719033C-F235-43B5-A676-32FD8349B01D}.Release|Any CPU.ActiveCfg = Release|Any CPU
		{D719033C-F235-43B5-A676-32FD8349B01D}.Release|Any CPU.Build.0 = Release|Any CPU
		{3CEC45D3-0DBD-45BD-89CD-08BCCF038118}.Debug|Any CPU.ActiveCfg = Debug|Any CPU
		{3CEC45D3-0DBD-45BD-89CD-08BCCF038118}.Debug|Any CPU.Build.0 = Debug|Any CPU
		{3CEC45D3-0DBD-45BD-89CD-08BCCF038118}.Release|Any CPU.ActiveCfg = Release|Any CPU
		{3CEC45D3-0DBD-45BD-89CD-08BCCF038118}.Release|Any CPU.Build.0 = Release|Any CPU
		{BDB0FE70-4B69-474F-A64D-F2027FFD9A6A}.Debug|Any CPU.ActiveCfg = Debug|Any CPU
		{BDB0FE70-4B69-474F-A64D-F2027FFD9A6A}.Debug|Any CPU.Build.0 = Debug|Any CPU
		{BDB0FE70-4B69-474F-A64D-F2027FFD9A6A}.Release|Any CPU.ActiveCfg = Release|Any CPU
		{BDB0FE70-4B69-474F-A64D-F2027FFD9A6A}.Release|Any CPU.Build.0 = Release|Any CPU
		{0F2E4988-258F-4E49-A2B4-4F1EF7606778}.Debug|Any CPU.ActiveCfg = Debug|Any CPU
		{0F2E4988-258F-4E49-A2B4-4F1EF7606778}.Debug|Any CPU.Build.0 = Debug|Any CPU
		{0F2E4988-258F-4E49-A2B4-4F1EF7606778}.Release|Any CPU.ActiveCfg = Release|Any CPU
		{0F2E4988-258F-4E49-A2B4-4F1EF7606778}.Release|Any CPU.Build.0 = Release|Any CPU
		{3BCF53BC-803B-41A4-B63C-941FB22442E4}.Debug|Any CPU.ActiveCfg = Debug|Any CPU
		{3BCF53BC-803B-41A4-B63C-941FB22442E4}.Debug|Any CPU.Build.0 = Debug|Any CPU
		{3BCF53BC-803B-41A4-B63C-941FB22442E4}.Release|Any CPU.ActiveCfg = Release|Any CPU
		{3BCF53BC-803B-41A4-B63C-941FB22442E4}.Release|Any CPU.Build.0 = Release|Any CPU
		{C13AEA3D-A5A0-47A4-96AE-4DAAA8E690CD}.Debug|Any CPU.ActiveCfg = Debug|Any CPU
		{C13AEA3D-A5A0-47A4-96AE-4DAAA8E690CD}.Debug|Any CPU.Build.0 = Debug|Any CPU
		{C13AEA3D-A5A0-47A4-96AE-4DAAA8E690CD}.Release|Any CPU.ActiveCfg = Release|Any CPU
		{C13AEA3D-A5A0-47A4-96AE-4DAAA8E690CD}.Release|Any CPU.Build.0 = Release|Any CPU
	EndGlobalSection
	GlobalSection(SolutionProperties) = preSolution
		HideSolutionNode = FALSE
	EndGlobalSection
	GlobalSection(NestedProjects) = preSolution
		{2488FDF7-3898-4719-B9A1-F5178E7F4961} = {473E64C3-399E-4071-AD2B-EF82BDBC896D}
		{072856A4-61BD-45C0-85F2-E327A1D0BDCB} = {A514DD71-164C-4647-A2F4-462151EB9D5B}
		{BB5C2939-C449-48E8-B7AD-BAD77F5B57C9} = {767B15BE-C942-4569-AD22-84A94B3A8095}
		{B1B39218-9FA3-4090-872A-0B128B952A5A} = {A514DD71-164C-4647-A2F4-462151EB9D5B}
		{55E4A781-2593-4065-8FB2-81283F345443} = {767B15BE-C942-4569-AD22-84A94B3A8095}
		{DECE5DFC-96B9-4B45-BC05-202A8D0EBF6A} = {767B15BE-C942-4569-AD22-84A94B3A8095}
		{8A865C10-7849-4386-BB55-AD2E17AA68C2} = {A514DD71-164C-4647-A2F4-462151EB9D5B}
		{75FCEB77-1D87-4E13-AA51-773C93B56E1B} = {473E64C3-399E-4071-AD2B-EF82BDBC896D}
		{A45624AA-D156-4D29-93D1-87FEF8C43783} = {767B15BE-C942-4569-AD22-84A94B3A8095}
		{03C9301B-3544-43FF-9DA5-F7246E845EF7} = {473E64C3-399E-4071-AD2B-EF82BDBC896D}
		{4EF8299D-74CB-46ED-98B2-2A1DBEC61F88} = {767B15BE-C942-4569-AD22-84A94B3A8095}
		{2DE33F11-032E-41B2-8145-5CB1591AAD5D} = {473E64C3-399E-4071-AD2B-EF82BDBC896D}
		{63184D53-3BD2-440D-A921-17A95768A2DF} = {767B15BE-C942-4569-AD22-84A94B3A8095}
		{BD24ED57-CA3C-46F6-A312-D9DC6F7791DC} = {473E64C3-399E-4071-AD2B-EF82BDBC896D}
		{11E3C5B3-233E-4515-9867-E51102B2429E} = {767B15BE-C942-4569-AD22-84A94B3A8095}
		{D719033C-F235-43B5-A676-32FD8349B01D} = {A514DD71-164C-4647-A2F4-462151EB9D5B}
		{3CEC45D3-0DBD-45BD-89CD-08BCCF038118} = {A514DD71-164C-4647-A2F4-462151EB9D5B}
		{BDB0FE70-4B69-474F-A64D-F2027FFD9A6A} = {7C97E412-792D-4D6F-A892-DD85BD2AFD2C}
		{0F2E4988-258F-4E49-A2B4-4F1EF7606778} = {767B15BE-C942-4569-AD22-84A94B3A8095}
		{3BCF53BC-803B-41A4-B63C-941FB22442E4} = {A188E0EA-F9B3-4AD4-A54F-DABBD94057C4}
		{C13AEA3D-A5A0-47A4-96AE-4DAAA8E690CD} = {14121467-7A4C-4704-BBE6-73B91D3D4340}
	EndGlobalSection
	GlobalSection(ExtensibilityGlobals) = postSolution
		SolutionGuid = {EFF831F0-7B6F-4DD3-879A-78ED61724E75}
	EndGlobalSection
EndGlobal
